<?xml version="1.0" encoding="UTF-8"?>
<Project ToolsVersion="15.0" xmlns="http://schemas.microsoft.com/developer/msbuild/2003">
  <ItemGroup>
    <ClCompile Include="C:\Users\files\Source\Code\RoaringCLI\tests\bitset_container_unit.c">
      <Filter>Source Files</Filter>
    </ClCompile>
  </ItemGroup>
  <ItemGroup>
    <CustomBuild Include="C:\Users\files\Source\Code\RoaringCLI\tests\CMakeLists.txt" />
  </ItemGroup>
  <ItemGroup>
    <Filter Include="Source Files">
      <UniqueIdentifier>{85C2BFCF-BE1E-3376-A07F-3963A7F22D21}</UniqueIdentifier>
    </Filter>
  </ItemGroup>
</Project>
