Microsoft Visual Studio Solution File, Format Version 12.00
# Visual Studio 15
Project("{8BC9CEB8-8B4A-11D0-8D11-00A0C91BC942}") = "ALL_BUILD", "ALL_BUILD.vcxproj", "{B95A3AED-538D-34F8-A798-CC6338939F31}"
	ProjectSection(ProjectDependencies) = postProject
		{2899BE89-7B32-30E6-B9C6-6A398E8DB33A} = {2899BE89-7B32-30E6-B9C6-6A398E8DB33A}
		{D9380452-3716-34CF-83DB-F876C8E0C4E4} = {D9380452-3716-34CF-83DB-F876C8E0C4E4}
		{12613081-CF36-39B4-84EF-F8CEB415E408} = {12613081-CF36-39B4-84EF-F8CEB415E408}
		{6EDE20BD-D62C-375E-AB89-B8A73696CD27} = {6EDE20BD-D62C-375E-AB89-B8A73696CD27}
		{3CC648DF-8935-3EFA-ADFA-CE61EDFA1062} = {3CC648DF-8935-3EFA-ADFA-CE61EDFA1062}
		{907BC9B0-969C-3F7A-8901-8FCAEDC55E59} = {907BC9B0-969C-3F7A-8901-8FCAEDC55E59}
		{8A503725-B61C-3016-8908-08F65EBF394C} = {8A503725-B61C-3016-8908-08F65EBF394C}
		{FC153DEC-1167-3AEA-879C-5A2579195E9C} = {FC153DEC-1167-3AEA-879C-5A2579195E9C}
		{8E92224D-574D-3C7B-885E-66401C49ACC4} = {8E92224D-574D-3C7B-885E-66401C49ACC4}
		{EEB2FAFE-F2C9-3960-8579-DEE2041C915D} = {EEB2FAFE-F2C9-3960-8579-DEE2041C915D}
		{7AFAE35A-6CCE-377F-AF5B-44E2F641C752} = {7AFAE35A-6CCE-377F-AF5B-44E2F641C752}
		{4C31375A-0CD0-38C3-B630-3105AE3E3D23} = {4C31375A-0CD0-38C3-B630-3105AE3E3D23}
		{8CB7C104-498F-3AE0-9179-1FE06F7FC470} = {8CB7C104-498F-3AE0-9179-1FE06F7FC470}
		{F8F8B6F6-A5E7-3338-BB4B-3D0327C2C063} = {F8F8B6F6-A5E7-3338-BB4B-3D0327C2C063}
		{EC29438E-6C11-3F65-A759-FE421574120C} = {EC29438E-6C11-3F65-A759-FE421574120C}
		{BF9BB7D5-CC4E-3E01-9F63-F54CC869355E} = {BF9BB7D5-CC4E-3E01-9F63-F54CC869355E}
	EndProjectSection
EndProject
Project("{8BC9CEB8-8B4A-11D0-8D11-00A0C91BC942}") = "Continuous", "Continuous.vcxproj", "{BD2747D0-CF7E-3323-8C34-CD408E3017B0}"
	ProjectSection(ProjectDependencies) = postProject
		{2899BE89-7B32-30E6-B9C6-6A398E8DB33A} = {2899BE89-7B32-30E6-B9C6-6A398E8DB33A}
	EndProjectSection
EndProject
Project("{8BC9CEB8-8B4A-11D0-8D11-00A0C91BC942}") = "Experimental", "Experimental.vcxproj", "{93ECD3C3-DEA8-3413-86A1-4BB367BBF0BB}"
	ProjectSection(ProjectDependencies) = postProject
		{2899BE89-7B32-30E6-B9C6-6A398E8DB33A} = {2899BE89-7B32-30E6-B9C6-6A398E8DB33A}
	EndProjectSection
EndProject
Project("{8BC9CEB8-8B4A-11D0-8D11-00A0C91BC942}") = "INSTALL", "INSTALL.vcxproj", "{C0FF21B3-7313-3D28-9D3F-3FF62FD497D5}"
	ProjectSection(ProjectDependencies) = postProject
		{B95A3AED-538D-34F8-A798-CC6338939F31} = {B95A3AED-538D-34F8-A798-CC6338939F31}
		{2899BE89-7B32-30E6-B9C6-6A398E8DB33A} = {2899BE89-7B32-30E6-B9C6-6A398E8DB33A}
	EndProjectSection
EndProject
Project("{8BC9CEB8-8B4A-11D0-8D11-00A0C91BC942}") = "Nightly", "Nightly.vcxproj", "{841B2A7B-30F8-3732-842B-A1C87E92D6F3}"
	ProjectSection(ProjectDependencies) = postProject
		{2899BE89-7B32-30E6-B9C6-6A398E8DB33A} = {2899BE89-7B32-30E6-B9C6-6A398E8DB33A}
	EndProjectSection
EndProject
Project("{8BC9CEB8-8B4A-11D0-8D11-00A0C91BC942}") = "NightlyMemoryCheck", "NightlyMemoryCheck.vcxproj", "{91158B2E-F007-3CCD-93D2-72A720D174F6}"
	ProjectSection(ProjectDependencies) = postProject
		{2899BE89-7B32-30E6-B9C6-6A398E8DB33A} = {2899BE89-7B32-30E6-B9C6-6A398E8DB33A}
	EndProjectSection
EndProject
Project("{8BC9CEB8-8B4A-11D0-8D11-00A0C91BC942}") = "RUN_TESTS", "RUN_TESTS.vcxproj", "{C7889803-9B52-3B01-807F-97BE39037FC0}"
	ProjectSection(ProjectDependencies) = postProject
		{2899BE89-7B32-30E6-B9C6-6A398E8DB33A} = {2899BE89-7B32-30E6-B9C6-6A398E8DB33A}
	EndProjectSection
EndProject
Project("{8BC9CEB8-8B4A-11D0-8D11-00A0C91BC942}") = "ZERO_CHECK", "ZERO_CHECK.vcxproj", "{2899BE89-7B32-30E6-B9C6-6A398E8DB33A}"
	ProjectSection(ProjectDependencies) = postProject
	EndProjectSection
EndProject
Project("{8BC9CEB8-8B4A-11D0-8D11-00A0C91BC942}") = "array_container_benchmark", "benchmarks\array_container_benchmark.vcxproj", "{D9380452-3716-34CF-83DB-F876C8E0C4E4}"
	ProjectSection(ProjectDependencies) = postProject
		{2899BE89-7B32-30E6-B9C6-6A398E8DB33A} = {2899BE89-7B32-30E6-B9C6-6A398E8DB33A}
		{4C31375A-0CD0-38C3-B630-3105AE3E3D23} = {4C31375A-0CD0-38C3-B630-3105AE3E3D23}
	EndProjectSection
EndProject
Project("{8BC9CEB8-8B4A-11D0-8D11-00A0C91BC942}") = "array_container_unit", "tests\array_container_unit.vcxproj", "{12613081-CF36-39B4-84EF-F8CEB415E408}"
	ProjectSection(ProjectDependencies) = postProject
		{2899BE89-7B32-30E6-B9C6-6A398E8DB33A} = {2899BE89-7B32-30E6-B9C6-6A398E8DB33A}
		{907BC9B0-969C-3F7A-8901-8FCAEDC55E59} = {907BC9B0-969C-3F7A-8901-8FCAEDC55E59}
		{4C31375A-0CD0-38C3-B630-3105AE3E3D23} = {4C31375A-0CD0-38C3-B630-3105AE3E3D23}
	EndProjectSection
EndProject
Project("{8BC9CEB8-8B4A-11D0-8D11-00A0C91BC942}") = "bitset_container_benchmark", "benchmarks\bitset_container_benchmark.vcxproj", "{6EDE20BD-D62C-375E-AB89-B8A73696CD27}"
	ProjectSection(ProjectDependencies) = postProject
		{2899BE89-7B32-30E6-B9C6-6A398E8DB33A} = {2899BE89-7B32-30E6-B9C6-6A398E8DB33A}
		{4C31375A-0CD0-38C3-B630-3105AE3E3D23} = {4C31375A-0CD0-38C3-B630-3105AE3E3D23}
	EndProjectSection
EndProject
Project("{8BC9CEB8-8B4A-11D0-8D11-00A0C91BC942}") = "bitset_container_unit", "tests\bitset_container_unit.vcxproj", "{3CC648DF-8935-3EFA-ADFA-CE61EDFA1062}"
	ProjectSection(ProjectDependencies) = postProject
		{2899BE89-7B32-30E6-B9C6-6A398E8DB33A} = {2899BE89-7B32-30E6-B9C6-6A398E8DB33A}
		{907BC9B0-969C-3F7A-8901-8FCAEDC55E59} = {907BC9B0-969C-3F7A-8901-8FCAEDC55E59}
		{4C31375A-0CD0-38C3-B630-3105AE3E3D23} = {4C31375A-0CD0-38C3-B630-3105AE3E3D23}
	EndProjectSection
EndProject
Project("{8BC9CEB8-8B4A-11D0-8D11-00A0C91BC942}") = "cmocka", "tests\vendor\cmocka\cmocka.vcxproj", "{907BC9B0-969C-3F7A-8901-8FCAEDC55E59}"
	ProjectSection(ProjectDependencies) = postProject
		{2899BE89-7B32-30E6-B9C6-6A398E8DB33A} = {2899BE89-7B32-30E6-B9C6-6A398E8DB33A}
	EndProjectSection
EndProject
Project("{8BC9CEB8-8B4A-11D0-8D11-00A0C91BC942}") = "container_comparison_unit", "tests\container_comparison_unit.vcxproj", "{8A503725-B61C-3016-8908-08F65EBF394C}"
	ProjectSection(ProjectDependencies) = postProject
		{2899BE89-7B32-30E6-B9C6-6A398E8DB33A} = {2899BE89-7B32-30E6-B9C6-6A398E8DB33A}
		{907BC9B0-969C-3F7A-8901-8FCAEDC55E59} = {907BC9B0-969C-3F7A-8901-8FCAEDC55E59}
		{4C31375A-0CD0-38C3-B630-3105AE3E3D23} = {4C31375A-0CD0-38C3-B630-3105AE3E3D23}
	EndProjectSection
EndProject
Project("{8BC9CEB8-8B4A-11D0-8D11-00A0C91BC942}") = "cpp_unit", "tests\cpp_unit.vcxproj", "{FC153DEC-1167-3AEA-879C-5A2579195E9C}"
	ProjectSection(ProjectDependencies) = postProject
		{2899BE89-7B32-30E6-B9C6-6A398E8DB33A} = {2899BE89-7B32-30E6-B9C6-6A398E8DB33A}
		{907BC9B0-969C-3F7A-8901-8FCAEDC55E59} = {907BC9B0-969C-3F7A-8901-8FCAEDC55E59}
		{4C31375A-0CD0-38C3-B630-3105AE3E3D23} = {4C31375A-0CD0-38C3-B630-3105AE3E3D23}
	EndProjectSection
EndProject
Project("{8BC9CEB8-8B4A-11D0-8D11-00A0C91BC942}") = "create_benchmark", "benchmarks\create_benchmark.vcxproj", "{8E92224D-574D-3C7B-885E-66401C49ACC4}"
	ProjectSection(ProjectDependencies) = postProject
		{2899BE89-7B32-30E6-B9C6-6A398E8DB33A} = {2899BE89-7B32-30E6-B9C6-6A398E8DB33A}
		{4C31375A-0CD0-38C3-B630-3105AE3E3D23} = {4C31375A-0CD0-38C3-B630-3105AE3E3D23}
	EndProjectSection
EndProject
Project("{8BC9CEB8-8B4A-11D0-8D11-00A0C91BC942}") = "format_portability_unit", "tests\format_portability_unit.vcxproj", "{EEB2FAFE-F2C9-3960-8579-DEE2041C915D}"
	ProjectSection(ProjectDependencies) = postProject
		{2899BE89-7B32-30E6-B9C6-6A398E8DB33A} = {2899BE89-7B32-30E6-B9C6-6A398E8DB33A}
		{907BC9B0-969C-3F7A-8901-8FCAEDC55E59} = {907BC9B0-969C-3F7A-8901-8FCAEDC55E59}
		{4C31375A-0CD0-38C3-B630-3105AE3E3D23} = {4C31375A-0CD0-38C3-B630-3105AE3E3D23}
	EndProjectSection
EndProject
Project("{8BC9CEB8-8B4A-11D0-8D11-00A0C91BC942}") = "mixed_container_unit", "tests\mixed_container_unit.vcxproj", "{7AFAE35A-6CCE-377F-AF5B-44E2F641C752}"
	ProjectSection(ProjectDependencies) = postProject
		{2899BE89-7B32-30E6-B9C6-6A398E8DB33A} = {2899BE89-7B32-30E6-B9C6-6A398E8DB33A}
		{907BC9B0-969C-3F7A-8901-8FCAEDC55E59} = {907BC9B0-969C-3F7A-8901-8FCAEDC55E59}
		{4C31375A-0CD0-38C3-B630-3105AE3E3D23} = {4C31375A-0CD0-38C3-B630-3105AE3E3D23}
	EndProjectSection
EndProject
Project("{8BC9CEB8-8B4A-11D0-8D11-00A0C91BC942}") = "roaring", "src\roaring.vcxproj", "{4C31375A-0CD0-38C3-B630-3105AE3E3D23}"
	ProjectSection(ProjectDependencies) = postProject
		{2899BE89-7B32-30E6-B9C6-6A398E8DB33A} = {2899BE89-7B32-30E6-B9C6-6A398E8DB33A}
	EndProjectSection
EndProject
Project("{8BC9CEB8-8B4A-11D0-8D11-00A0C91BC942}") = "run_container_benchmark", "benchmarks\run_container_benchmark.vcxproj", "{8CB7C104-498F-3AE0-9179-1FE06F7FC470}"
	ProjectSection(ProjectDependencies) = postProject
		{2899BE89-7B32-30E6-B9C6-6A398E8DB33A} = {2899BE89-7B32-30E6-B9C6-6A398E8DB33A}
		{4C31375A-0CD0-38C3-B630-3105AE3E3D23} = {4C31375A-0CD0-38C3-B630-3105AE3E3D23}
	EndProjectSection
EndProject
Project("{8BC9CEB8-8B4A-11D0-8D11-00A0C91BC942}") = "run_container_unit", "tests\run_container_unit.vcxproj", "{F8F8B6F6-A5E7-3338-BB4B-3D0327C2C063}"
	ProjectSection(ProjectDependencies) = postProject
		{2899BE89-7B32-30E6-B9C6-6A398E8DB33A} = {2899BE89-7B32-30E6-B9C6-6A398E8DB33A}
		{907BC9B0-969C-3F7A-8901-8FCAEDC55E59} = {907BC9B0-969C-3F7A-8901-8FCAEDC55E59}
		{4C31375A-0CD0-38C3-B630-3105AE3E3D23} = {4C31375A-0CD0-38C3-B630-3105AE3E3D23}
	EndProjectSection
EndProject
Project("{8BC9CEB8-8B4A-11D0-8D11-00A0C91BC942}") = "toplevel_unit", "tests\toplevel_unit.vcxproj", "{EC29438E-6C11-3F65-A759-FE421574120C}"
	ProjectSection(ProjectDependencies) = postProject
		{2899BE89-7B32-30E6-B9C6-6A398E8DB33A} = {2899BE89-7B32-30E6-B9C6-6A398E8DB33A}
		{907BC9B0-969C-3F7A-8901-8FCAEDC55E59} = {907BC9B0-969C-3F7A-8901-8FCAEDC55E59}
		{4C31375A-0CD0-38C3-B630-3105AE3E3D23} = {4C31375A-0CD0-38C3-B630-3105AE3E3D23}
	EndProjectSection
EndProject
Project("{8BC9CEB8-8B4A-11D0-8D11-00A0C91BC942}") = "util_unit", "tests\util_unit.vcxproj", "{BF9BB7D5-CC4E-3E01-9F63-F54CC869355E}"
	ProjectSection(ProjectDependencies) = postProject
		{2899BE89-7B32-30E6-B9C6-6A398E8DB33A} = {2899BE89-7B32-30E6-B9C6-6A398E8DB33A}
		{907BC9B0-969C-3F7A-8901-8FCAEDC55E59} = {907BC9B0-969C-3F7A-8901-8FCAEDC55E59}
		{4C31375A-0CD0-38C3-B630-3105AE3E3D23} = {4C31375A-0CD0-38C3-B630-3105AE3E3D23}
	EndProjectSection
EndProject
Global
	GlobalSection(SolutionConfigurationPlatforms) = preSolution
		Debug|x64 = Debug|x64
		Release|x64 = Release|x64
		MinSizeRel|x64 = MinSizeRel|x64
		RelWithDebInfo|x64 = RelWithDebInfo|x64
	EndGlobalSection
	GlobalSection(ProjectConfigurationPlatforms) = postSolution
		{B95A3AED-538D-34F8-A798-CC6338939F31}.Debug|x64.ActiveCfg = Debug|x64
		{B95A3AED-538D-34F8-A798-CC6338939F31}.Debug|x64.Build.0 = Debug|x64
		{B95A3AED-538D-34F8-A798-CC6338939F31}.Release|x64.ActiveCfg = Release|x64
		{B95A3AED-538D-34F8-A798-CC6338939F31}.Release|x64.Build.0 = Release|x64
		{B95A3AED-538D-34F8-A798-CC6338939F31}.MinSizeRel|x64.ActiveCfg = MinSizeRel|x64
		{B95A3AED-538D-34F8-A798-CC6338939F31}.MinSizeRel|x64.Build.0 = MinSizeRel|x64
		{B95A3AED-538D-34F8-A798-CC6338939F31}.RelWithDebInfo|x64.ActiveCfg = RelWithDebInfo|x64
		{B95A3AED-538D-34F8-A798-CC6338939F31}.RelWithDebInfo|x64.Build.0 = RelWithDebInfo|x64
		{BD2747D0-CF7E-3323-8C34-CD408E3017B0}.Debug|x64.ActiveCfg = Debug|x64
		{BD2747D0-CF7E-3323-8C34-CD408E3017B0}.Release|x64.ActiveCfg = Release|x64
		{BD2747D0-CF7E-3323-8C34-CD408E3017B0}.MinSizeRel|x64.ActiveCfg = MinSizeRel|x64
		{BD2747D0-CF7E-3323-8C34-CD408E3017B0}.RelWithDebInfo|x64.ActiveCfg = RelWithDebInfo|x64
		{93ECD3C3-DEA8-3413-86A1-4BB367BBF0BB}.Debug|x64.ActiveCfg = Debug|x64
		{93ECD3C3-DEA8-3413-86A1-4BB367BBF0BB}.Release|x64.ActiveCfg = Release|x64
		{93ECD3C3-DEA8-3413-86A1-4BB367BBF0BB}.MinSizeRel|x64.ActiveCfg = MinSizeRel|x64
		{93ECD3C3-DEA8-3413-86A1-4BB367BBF0BB}.RelWithDebInfo|x64.ActiveCfg = RelWithDebInfo|x64
		{C0FF21B3-7313-3D28-9D3F-3FF62FD497D5}.Debug|x64.ActiveCfg = Debug|x64
		{C0FF21B3-7313-3D28-9D3F-3FF62FD497D5}.Release|x64.ActiveCfg = Release|x64
		{C0FF21B3-7313-3D28-9D3F-3FF62FD497D5}.MinSizeRel|x64.ActiveCfg = MinSizeRel|x64
		{C0FF21B3-7313-3D28-9D3F-3FF62FD497D5}.RelWithDebInfo|x64.ActiveCfg = RelWithDebInfo|x64
		{841B2A7B-30F8-3732-842B-A1C87E92D6F3}.Debug|x64.ActiveCfg = Debug|x64
		{841B2A7B-30F8-3732-842B-A1C87E92D6F3}.Release|x64.ActiveCfg = Release|x64
		{841B2A7B-30F8-3732-842B-A1C87E92D6F3}.MinSizeRel|x64.ActiveCfg = MinSizeRel|x64
		{841B2A7B-30F8-3732-842B-A1C87E92D6F3}.RelWithDebInfo|x64.ActiveCfg = RelWithDebInfo|x64
		{91158B2E-F007-3CCD-93D2-72A720D174F6}.Debug|x64.ActiveCfg = Debug|x64
		{91158B2E-F007-3CCD-93D2-72A720D174F6}.Release|x64.ActiveCfg = Release|x64
		{91158B2E-F007-3CCD-93D2-72A720D174F6}.MinSizeRel|x64.ActiveCfg = MinSizeRel|x64
		{91158B2E-F007-3CCD-93D2-72A720D174F6}.RelWithDebInfo|x64.ActiveCfg = RelWithDebInfo|x64
		{C7889803-9B52-3B01-807F-97BE39037FC0}.Debug|x64.ActiveCfg = Debug|x64
		{C7889803-9B52-3B01-807F-97BE39037FC0}.Release|x64.ActiveCfg = Release|x64
		{C7889803-9B52-3B01-807F-97BE39037FC0}.MinSizeRel|x64.ActiveCfg = MinSizeRel|x64
		{C7889803-9B52-3B01-807F-97BE39037FC0}.RelWithDebInfo|x64.ActiveCfg = RelWithDebInfo|x64
		{2899BE89-7B32-30E6-B9C6-6A398E8DB33A}.Debug|x64.ActiveCfg = Debug|x64
		{2899BE89-7B32-30E6-B9C6-6A398E8DB33A}.Debug|x64.Build.0 = Debug|x64
		{2899BE89-7B32-30E6-B9C6-6A398E8DB33A}.Release|x64.ActiveCfg = Release|x64
		{2899BE89-7B32-30E6-B9C6-6A398E8DB33A}.Release|x64.Build.0 = Release|x64
		{2899BE89-7B32-30E6-B9C6-6A398E8DB33A}.MinSizeRel|x64.ActiveCfg = MinSizeRel|x64
		{2899BE89-7B32-30E6-B9C6-6A398E8DB33A}.MinSizeRel|x64.Build.0 = MinSizeRel|x64
		{2899BE89-7B32-30E6-B9C6-6A398E8DB33A}.RelWithDebInfo|x64.ActiveCfg = RelWithDebInfo|x64
		{2899BE89-7B32-30E6-B9C6-6A398E8DB33A}.RelWithDebInfo|x64.Build.0 = RelWithDebInfo|x64
		{D9380452-3716-34CF-83DB-F876C8E0C4E4}.Debug|x64.ActiveCfg = Debug|x64
		{D9380452-3716-34CF-83DB-F876C8E0C4E4}.Debug|x64.Build.0 = Debug|x64
		{D9380452-3716-34CF-83DB-F876C8E0C4E4}.Release|x64.ActiveCfg = Release|x64
		{D9380452-3716-34CF-83DB-F876C8E0C4E4}.Release|x64.Build.0 = Release|x64
		{D9380452-3716-34CF-83DB-F876C8E0C4E4}.MinSizeRel|x64.ActiveCfg = MinSizeRel|x64
		{D9380452-3716-34CF-83DB-F876C8E0C4E4}.MinSizeRel|x64.Build.0 = MinSizeRel|x64
		{D9380452-3716-34CF-83DB-F876C8E0C4E4}.RelWithDebInfo|x64.ActiveCfg = RelWithDebInfo|x64
		{D9380452-3716-34CF-83DB-F876C8E0C4E4}.RelWithDebInfo|x64.Build.0 = RelWithDebInfo|x64
		{12613081-CF36-39B4-84EF-F8CEB415E408}.Debug|x64.ActiveCfg = Debug|x64
		{12613081-CF36-39B4-84EF-F8CEB415E408}.Debug|x64.Build.0 = Debug|x64
		{12613081-CF36-39B4-84EF-F8CEB415E408}.Release|x64.ActiveCfg = Release|x64
		{12613081-CF36-39B4-84EF-F8CEB415E408}.Release|x64.Build.0 = Release|x64
		{12613081-CF36-39B4-84EF-F8CEB415E408}.MinSizeRel|x64.ActiveCfg = MinSizeRel|x64
		{12613081-CF36-39B4-84EF-F8CEB415E408}.MinSizeRel|x64.Build.0 = MinSizeRel|x64
		{12613081-CF36-39B4-84EF-F8CEB415E408}.RelWithDebInfo|x64.ActiveCfg = RelWithDebInfo|x64
		{12613081-CF36-39B4-84EF-F8CEB415E408}.RelWithDebInfo|x64.Build.0 = RelWithDebInfo|x64
		{6EDE20BD-D62C-375E-AB89-B8A73696CD27}.Debug|x64.ActiveCfg = Debug|x64
		{6EDE20BD-D62C-375E-AB89-B8A73696CD27}.Debug|x64.Build.0 = Debug|x64
		{6EDE20BD-D62C-375E-AB89-B8A73696CD27}.Release|x64.ActiveCfg = Release|x64
		{6EDE20BD-D62C-375E-AB89-B8A73696CD27}.Release|x64.Build.0 = Release|x64
		{6EDE20BD-D62C-375E-AB89-B8A73696CD27}.MinSizeRel|x64.ActiveCfg = MinSizeRel|x64
		{6EDE20BD-D62C-375E-AB89-B8A73696CD27}.MinSizeRel|x64.Build.0 = MinSizeRel|x64
		{6EDE20BD-D62C-375E-AB89-B8A73696CD27}.RelWithDebInfo|x64.ActiveCfg = RelWithDebInfo|x64
		{6EDE20BD-D62C-375E-AB89-B8A73696CD27}.RelWithDebInfo|x64.Build.0 = RelWithDebInfo|x64
		{3CC648DF-8935-3EFA-ADFA-CE61EDFA1062}.Debug|x64.ActiveCfg = Debug|x64
		{3CC648DF-8935-3EFA-ADFA-CE61EDFA1062}.Debug|x64.Build.0 = Debug|x64
		{3CC648DF-8935-3EFA-ADFA-CE61EDFA1062}.Release|x64.ActiveCfg = Release|x64
		{3CC648DF-8935-3EFA-ADFA-CE61EDFA1062}.Release|x64.Build.0 = Release|x64
		{3CC648DF-8935-3EFA-ADFA-CE61EDFA1062}.MinSizeRel|x64.ActiveCfg = MinSizeRel|x64
		{3CC648DF-8935-3EFA-ADFA-CE61EDFA1062}.MinSizeRel|x64.Build.0 = MinSizeRel|x64
		{3CC648DF-8935-3EFA-ADFA-CE61EDFA1062}.RelWithDebInfo|x64.ActiveCfg = RelWithDebInfo|x64
		{3CC648DF-8935-3EFA-ADFA-CE61EDFA1062}.RelWithDebInfo|x64.Build.0 = RelWithDebInfo|x64
		{907BC9B0-969C-3F7A-8901-8FCAEDC55E59}.Debug|x64.ActiveCfg = Debug|x64
		{907BC9B0-969C-3F7A-8901-8FCAEDC55E59}.Debug|x64.Build.0 = Debug|x64
		{907BC9B0-969C-3F7A-8901-8FCAEDC55E59}.Release|x64.ActiveCfg = Release|x64
		{907BC9B0-969C-3F7A-8901-8FCAEDC55E59}.Release|x64.Build.0 = Release|x64
		{907BC9B0-969C-3F7A-8901-8FCAEDC55E59}.MinSizeRel|x64.ActiveCfg = MinSizeRel|x64
		{907BC9B0-969C-3F7A-8901-8FCAEDC55E59}.MinSizeRel|x64.Build.0 = MinSizeRel|x64
		{907BC9B0-969C-3F7A-8901-8FCAEDC55E59}.RelWithDebInfo|x64.ActiveCfg = RelWithDebInfo|x64
		{907BC9B0-969C-3F7A-8901-8FCAEDC55E59}.RelWithDebInfo|x64.Build.0 = RelWithDebInfo|x64
		{8A503725-B61C-3016-8908-08F65EBF394C}.Debug|x64.ActiveCfg = Debug|x64
		{8A503725-B61C-3016-8908-08F65EBF394C}.Debug|x64.Build.0 = Debug|x64
		{8A503725-B61C-3016-8908-08F65EBF394C}.Release|x64.ActiveCfg = Release|x64
		{8A503725-B61C-3016-8908-08F65EBF394C}.Release|x64.Build.0 = Release|x64
		{8A503725-B61C-3016-8908-08F65EBF394C}.MinSizeRel|x64.ActiveCfg = MinSizeRel|x64
		{8A503725-B61C-3016-8908-08F65EBF394C}.MinSizeRel|x64.Build.0 = MinSizeRel|x64
		{8A503725-B61C-3016-8908-08F65EBF394C}.RelWithDebInfo|x64.ActiveCfg = RelWithDebInfo|x64
		{8A503725-B61C-3016-8908-08F65EBF394C}.RelWithDebInfo|x64.Build.0 = RelWithDebInfo|x64
		{FC153DEC-1167-3AEA-879C-5A2579195E9C}.Debug|x64.ActiveCfg = Debug|x64
		{FC153DEC-1167-3AEA-879C-5A2579195E9C}.Debug|x64.Build.0 = Debug|x64
		{FC153DEC-1167-3AEA-879C-5A2579195E9C}.Release|x64.ActiveCfg = Release|x64
		{FC153DEC-1167-3AEA-879C-5A2579195E9C}.Release|x64.Build.0 = Release|x64
		{FC153DEC-1167-3AEA-879C-5A2579195E9C}.MinSizeRel|x64.ActiveCfg = MinSizeRel|x64
		{FC153DEC-1167-3AEA-879C-5A2579195E9C}.MinSizeRel|x64.Build.0 = MinSizeRel|x64
		{FC153DEC-1167-3AEA-879C-5A2579195E9C}.RelWithDebInfo|x64.ActiveCfg = RelWithDebInfo|x64
		{FC153DEC-1167-3AEA-879C-5A2579195E9C}.RelWithDebInfo|x64.Build.0 = RelWithDebInfo|x64
		{8E92224D-574D-3C7B-885E-66401C49ACC4}.Debug|x64.ActiveCfg = Debug|x64
		{8E92224D-574D-3C7B-885E-66401C49ACC4}.Debug|x64.Build.0 = Debug|x64
		{8E92224D-574D-3C7B-885E-66401C49ACC4}.Release|x64.ActiveCfg = Release|x64
		{8E92224D-574D-3C7B-885E-66401C49ACC4}.Release|x64.Build.0 = Release|x64
		{8E92224D-574D-3C7B-885E-66401C49ACC4}.MinSizeRel|x64.ActiveCfg = MinSizeRel|x64
		{8E92224D-574D-3C7B-885E-66401C49ACC4}.MinSizeRel|x64.Build.0 = MinSizeRel|x64
		{8E92224D-574D-3C7B-885E-66401C49ACC4}.RelWithDebInfo|x64.ActiveCfg = RelWithDebInfo|x64
		{8E92224D-574D-3C7B-885E-66401C49ACC4}.RelWithDebInfo|x64.Build.0 = RelWithDebInfo|x64
		{EEB2FAFE-F2C9-3960-8579-DEE2041C915D}.Debug|x64.ActiveCfg = Debug|x64
		{EEB2FAFE-F2C9-3960-8579-DEE2041C915D}.Debug|x64.Build.0 = Debug|x64
		{EEB2FAFE-F2C9-3960-8579-DEE2041C915D}.Release|x64.ActiveCfg = Release|x64
		{EEB2FAFE-F2C9-3960-8579-DEE2041C915D}.Release|x64.Build.0 = Release|x64
		{EEB2FAFE-F2C9-3960-8579-DEE2041C915D}.MinSizeRel|x64.ActiveCfg = MinSizeRel|x64
		{EEB2FAFE-F2C9-3960-8579-DEE2041C915D}.MinSizeRel|x64.Build.0 = MinSizeRel|x64
		{EEB2FAFE-F2C9-3960-8579-DEE2041C915D}.RelWithDebInfo|x64.ActiveCfg = RelWithDebInfo|x64
		{EEB2FAFE-F2C9-3960-8579-DEE2041C915D}.RelWithDebInfo|x64.Build.0 = RelWithDebInfo|x64
		{7AFAE35A-6CCE-377F-AF5B-44E2F641C752}.Debug|x64.ActiveCfg = Debug|x64
		{7AFAE35A-6CCE-377F-AF5B-44E2F641C752}.Debug|x64.Build.0 = Debug|x64
		{7AFAE35A-6CCE-377F-AF5B-44E2F641C752}.Release|x64.ActiveCfg = Release|x64
		{7AFAE35A-6CCE-377F-AF5B-44E2F641C752}.Release|x64.Build.0 = Release|x64
		{7AFAE35A-6CCE-377F-AF5B-44E2F641C752}.MinSizeRel|x64.ActiveCfg = MinSizeRel|x64
		{7AFAE35A-6CCE-377F-AF5B-44E2F641C752}.MinSizeRel|x64.Build.0 = MinSizeRel|x64
		{7AFAE35A-6CCE-377F-AF5B-44E2F641C752}.RelWithDebInfo|x64.ActiveCfg = RelWithDebInfo|x64
		{7AFAE35A-6CCE-377F-AF5B-44E2F641C752}.RelWithDebInfo|x64.Build.0 = RelWithDebInfo|x64
		{4C31375A-0CD0-38C3-B630-3105AE3E3D23}.Debug|x64.ActiveCfg = Debug|x64
		{4C31375A-0CD0-38C3-B630-3105AE3E3D23}.Debug|x64.Build.0 = Debug|x64
		{4C31375A-0CD0-38C3-B630-3105AE3E3D23}.Release|x64.ActiveCfg = Release|x64
		{4C31375A-0CD0-38C3-B630-3105AE3E3D23}.Release|x64.Build.0 = Release|x64
		{4C31375A-0CD0-38C3-B630-3105AE3E3D23}.MinSizeRel|x64.ActiveCfg = MinSizeRel|x64
		{4C31375A-0CD0-38C3-B630-3105AE3E3D23}.MinSizeRel|x64.Build.0 = MinSizeRel|x64
		{4C31375A-0CD0-38C3-B630-3105AE3E3D23}.RelWithDebInfo|x64.ActiveCfg = RelWithDebInfo|x64
		{4C31375A-0CD0-38C3-B630-3105AE3E3D23}.RelWithDebInfo|x64.Build.0 = RelWithDebInfo|x64
		{8CB7C104-498F-3AE0-9179-1FE06F7FC470}.Debug|x64.ActiveCfg = Debug|x64
		{8CB7C104-498F-3AE0-9179-1FE06F7FC470}.Debug|x64.Build.0 = Debug|x64
		{8CB7C104-498F-3AE0-9179-1FE06F7FC470}.Release|x64.ActiveCfg = Release|x64
		{8CB7C104-498F-3AE0-9179-1FE06F7FC470}.Release|x64.Build.0 = Release|x64
		{8CB7C104-498F-3AE0-9179-1FE06F7FC470}.MinSizeRel|x64.ActiveCfg = MinSizeRel|x64
		{8CB7C104-498F-3AE0-9179-1FE06F7FC470}.MinSizeRel|x64.Build.0 = MinSizeRel|x64
		{8CB7C104-498F-3AE0-9179-1FE06F7FC470}.RelWithDebInfo|x64.ActiveCfg = RelWithDebInfo|x64
		{8CB7C104-498F-3AE0-9179-1FE06F7FC470}.RelWithDebInfo|x64.Build.0 = RelWithDebInfo|x64
		{F8F8B6F6-A5E7-3338-BB4B-3D0327C2C063}.Debug|x64.ActiveCfg = Debug|x64
		{F8F8B6F6-A5E7-3338-BB4B-3D0327C2C063}.Debug|x64.Build.0 = Debug|x64
		{F8F8B6F6-A5E7-3338-BB4B-3D0327C2C063}.Release|x64.ActiveCfg = Release|x64
		{F8F8B6F6-A5E7-3338-BB4B-3D0327C2C063}.Release|x64.Build.0 = Release|x64
		{F8F8B6F6-A5E7-3338-BB4B-3D0327C2C063}.MinSizeRel|x64.ActiveCfg = MinSizeRel|x64
		{F8F8B6F6-A5E7-3338-BB4B-3D0327C2C063}.MinSizeRel|x64.Build.0 = MinSizeRel|x64
		{F8F8B6F6-A5E7-3338-BB4B-3D0327C2C063}.RelWithDebInfo|x64.ActiveCfg = RelWithDebInfo|x64
		{F8F8B6F6-A5E7-3338-BB4B-3D0327C2C063}.RelWithDebInfo|x64.Build.0 = RelWithDebInfo|x64
		{EC29438E-6C11-3F65-A759-FE421574120C}.Debug|x64.ActiveCfg = Debug|x64
		{EC29438E-6C11-3F65-A759-FE421574120C}.Debug|x64.Build.0 = Debug|x64
		{EC29438E-6C11-3F65-A759-FE421574120C}.Release|x64.ActiveCfg = Release|x64
		{EC29438E-6C11-3F65-A759-FE421574120C}.Release|x64.Build.0 = Release|x64
		{EC29438E-6C11-3F65-A759-FE421574120C}.MinSizeRel|x64.ActiveCfg = MinSizeRel|x64
		{EC29438E-6C11-3F65-A759-FE421574120C}.MinSizeRel|x64.Build.0 = MinSizeRel|x64
		{EC29438E-6C11-3F65-A759-FE421574120C}.RelWithDebInfo|x64.ActiveCfg = RelWithDebInfo|x64
		{EC29438E-6C11-3F65-A759-FE421574120C}.RelWithDebInfo|x64.Build.0 = RelWithDebInfo|x64
		{BF9BB7D5-CC4E-3E01-9F63-F54CC869355E}.Debug|x64.ActiveCfg = Debug|x64
		{BF9BB7D5-CC4E-3E01-9F63-F54CC869355E}.Debug|x64.Build.0 = Debug|x64
		{BF9BB7D5-CC4E-3E01-9F63-F54CC869355E}.Release|x64.ActiveCfg = Release|x64
		{BF9BB7D5-CC4E-3E01-9F63-F54CC869355E}.Release|x64.Build.0 = Release|x64
		{BF9BB7D5-CC4E-3E01-9F63-F54CC869355E}.MinSizeRel|x64.ActiveCfg = MinSizeRel|x64
		{BF9BB7D5-CC4E-3E01-9F63-F54CC869355E}.MinSizeRel|x64.Build.0 = MinSizeRel|x64
		{BF9BB7D5-CC4E-3E01-9F63-F54CC869355E}.RelWithDebInfo|x64.ActiveCfg = RelWithDebInfo|x64
		{BF9BB7D5-CC4E-3E01-9F63-F54CC869355E}.RelWithDebInfo|x64.Build.0 = RelWithDebInfo|x64
	EndGlobalSection
	GlobalSection(ExtensibilityGlobals) = postSolution
		SolutionGuid = {A2B276E5-FE55-382D-B01D-E18453833FA0}
	EndGlobalSection
	GlobalSection(ExtensibilityAddIns) = postSolution
	EndGlobalSection
EndGlobal
